
Microsoft Visual Studio Solution File, Format Version 12.00
# Visual Studio 15
VisualStudioVersion = 15.0.26403.7
MinimumVisualStudioVersion = 10.0.40219.1
Project("{2150E333-8FDC-42A3-9474-1A3956D46DE8}") = "tests", "tests", "{CC197354-4D1D-4A6E-91C1-331316EBE891}"
EndProject
Project("{FAE04EC0-301F-11D3-BF4B-00C04F79EFBC}") = "UmbracoSandbox.Web", "src\UmbracoSandbox.Web\UmbracoSandbox.Web.csproj", "{2CB968A9-85CB-46D6-BA74-9A5539A29B22}"
EndProject
Global
	GlobalSection(SolutionConfigurationPlatforms) = preSolution
		Debug|Any CPU = Debug|Any CPU
		Release|Any CPU = Release|Any CPU
	EndGlobalSection
	GlobalSection(ProjectConfigurationPlatforms) = postSolution
		{2CB968A9-85CB-46D6-BA74-9A5539A29B22}.Debug|Any CPU.ActiveCfg = Debug|Any CPU
		{2CB968A9-85CB-46D6-BA74-9A5539A29B22}.Debug|Any CPU.Build.0 = Debug|Any CPU
		{2CB968A9-85CB-46D6-BA74-9A5539A29B22}.Release|Any CPU.ActiveCfg = Release|Any CPU
		{2CB968A9-85CB-46D6-BA74-9A5539A29B22}.Release|Any CPU.Build.0 = Release|Any CPU
	EndGlobalSection
	GlobalSection(SolutionProperties) = preSolution
		HideSolutionNode = FALSE
	EndGlobalSection
EndGlobal
